{
  "name": "menu-monkey",
  "version": "0.0.0",
  "lockfileVersion": 1,
  "requires": true,
  "dependencies": {
    "@feathersjs/commons": {
      "version": "1.3.0",
      "resolved": "https://registry.npmjs.org/@feathersjs/commons/-/commons-1.3.0.tgz",
      "integrity": "sha512-/2Fevm/g0hIe79A81eMOScPNtoWIuHk1LwXCLJGeuGKoTUnzd/xJLSFesSq7dlePDtwMtuR8apnB1CM49iCy+g=="
    },
    "@feathersjs/errors": {
      "version": "3.2.0",
      "resolved": "https://registry.npmjs.org/@feathersjs/errors/-/errors-3.2.0.tgz",
      "integrity": "sha512-4xsE7OyzxGvs2hyG19nf2qb4rV2nWoWbQ6/FnDIYrNHi7M9kOy+deLwNhKnXa4r/hg3xf+AVpC8kBjUQjWYWHA==",
      "requires": {
        "debug": "3.1.0"
      }
    },
    "async": {
      "version": "0.2.10",
      "resolved": "https://registry.npmjs.org/async/-/async-0.2.10.tgz",
      "integrity": "sha1-trvgsGdLnXGXCMo43owjfLUmw9E="
    },
    "binary-search-tree": {
      "version": "0.2.5",
      "resolved": "https://registry.npmjs.org/binary-search-tree/-/binary-search-tree-0.2.5.tgz",
      "integrity": "sha1-fbs7IQ/coIJFDa0jNMMErzm9x4Q=",
      "requires": {
        "underscore": "1.4.4"
      }
    },
    "debug": {
      "version": "3.1.0",
      "resolved": "https://registry.npmjs.org/debug/-/debug-3.1.0.tgz",
      "integrity": "sha512-OX8XqP7/1a9cqkxYw2yXss15f26NKWBpDXQd0/uK/KPqdQhxbPa994hnzjcE2VqQpDslf55723cKPUOGSmMY3g==",
      "requires": {
        "ms": "2.0.0"
      }
    },
    "feathers-nedb": {
      "version": "3.0.0",
      "resolved": "https://registry.npmjs.org/feathers-nedb/-/feathers-nedb-3.0.0.tgz",
      "integrity": "sha512-ImE64Z8VjS+oO0Th9HmXEn55fylP9qwfkgD45ZYNGQMUlcs3jNGhRjTWNPKgC27QEy3nCz/FuAiK/76NO/+w8g==",
      "requires": {
        "@feathersjs/commons": "1.3.0",
        "@feathersjs/errors": "3.2.0",
        "lodash.omit": "4.5.0",
        "uberproto": "1.2.0"
      }
    },
    "immediate": {
      "version": "3.0.6",
      "resolved": "https://registry.npmjs.org/immediate/-/immediate-3.0.6.tgz",
      "integrity": "sha1-nbHb0Pr43m++D13V5Wu2BigN5ps="
    },
    "lie": {
      "version": "3.1.1",
      "resolved": "https://registry.npmjs.org/lie/-/lie-3.1.1.tgz",
      "integrity": "sha1-mkNrLMd0bKWd56QfpGmz77dr2H4=",
      "requires": {
        "immediate": "3.0.6"
      }
    },
    "localforage": {
      "version": "1.5.6",
      "resolved": "https://registry.npmjs.org/localforage/-/localforage-1.5.6.tgz",
      "integrity": "sha1-0DTRXlNy7pfGQXPpqa65aBX13QY=",
      "requires": {
        "lie": "3.1.1"
      }
    },
    "lodash.omit": {
      "version": "4.5.0",
      "resolved": "https://registry.npmjs.org/lodash.omit/-/lodash.omit-4.5.0.tgz",
      "integrity": "sha1-brGa5aHuHdnfC5aeZs4Lf6MLXmA="
    },
    "minimist": {
      "version": "0.0.8",
      "resolved": "https://registry.npmjs.org/minimist/-/minimist-0.0.8.tgz",
      "integrity": "sha1-hX/Kv8M5fSYluCKCYuhqp6ARsF0="
    },
    "mkdirp": {
      "version": "0.5.1",
      "resolved": "https://registry.npmjs.org/mkdirp/-/mkdirp-0.5.1.tgz",
      "integrity": "sha1-MAV0OOrGz3+MR2fzhkjWaX11yQM=",
      "requires": {
        "minimist": "0.0.8"
      }
    },
    "ms": {
      "version": "2.0.0",
      "resolved": "https://registry.npmjs.org/ms/-/ms-2.0.0.tgz",
      "integrity": "sha1-VgiurfwAvmwpAd9fmGF4jeDVl8g="
    },
    "nedb": {
      "version": "1.8.0",
      "resolved": "https://registry.npmjs.org/nedb/-/nedb-1.8.0.tgz",
      "integrity": "sha1-DjUCzYLABNU1WkPJ5VV3vXvZHYg=",
      "requires": {
        "async": "0.2.10",
        "binary-search-tree": "0.2.5",
        "localforage": "1.5.6",
        "mkdirp": "0.5.1",
        "underscore": "1.4.4"
      }
    },
    "uberproto": {
      "version": "1.2.0",
      "resolved": "https://registry.npmjs.org/uberproto/-/uberproto-1.2.0.tgz",
      "integrity": "sha1-YdTqsCT5CcTm6lK+hnxIlKS+63Y="
    },
    "underscore": {
      "version": "1.4.4",
      "resolved": "https://registry.npmjs.org/underscore/-/underscore-1.4.4.tgz",
      "integrity": "sha1-YaajIBBiKvoHljvzJSA88SI51gQ="
    }
  }
}
